
Microsoft Visual Studio Solution File, Format Version 12.00
# Visual Studio Version 16
VisualStudioVersion = 16.0.29503.13
MinimumVisualStudioVersion = 10.0.40219.1
Project("{FAE04EC0-301F-11D3-BF4B-00C04F79EFBC}") = "interface", "interface\interface.csproj", "{24E94384-1F59-4CC3-ADDF-91EC2BF061DB}"
EndProject
Global
	GlobalSection(SolutionConfigurationPlatforms) = preSolution
		Debug|Any CPU = Debug|Any CPU
		Release|Any CPU = Release|Any CPU
	EndGlobalSection
	GlobalSection(ProjectConfigurationPlatforms) = postSolution
		{24E94384-1F59-4CC3-ADDF-91EC2BF061DB}.Debug|Any CPU.ActiveCfg = Debug|Any CPU
		{24E94384-1F59-4CC3-ADDF-91EC2BF061DB}.Debug|Any CPU.Build.0 = Debug|Any CPU
		{24E94384-1F59-4CC3-ADDF-91EC2BF061DB}.Release|Any CPU.ActiveCfg = Release|Any CPU
		{24E94384-1F59-4CC3-ADDF-91EC2BF061DB}.Release|Any CPU.Build.0 = Release|Any CPU
	EndGlobalSection
	GlobalSection(SolutionProperties) = preSolution
		HideSolutionNode = FALSE
	EndGlobalSection
	GlobalSection(ExtensibilityGlobals) = postSolution
		SolutionGuid = {B45AC670-A3B9-4B5E-A941-92813EA0B7D9}
	EndGlobalSection
EndGlobal
